<Solution>
  <Folder Name="/Aspire/">
    <Project Path="src/AppHost/AppHost.csproj" />
    <Project Path="src/ServiceDefaults/ServiceDefaults.csproj" />
  </Folder>
  <Folder Name="/Samples/">
    <Project Path="src/Samples/A2A/A2A.csproj" Id="ad6a748d-f29c-4edf-bda9-03c68aa62494" />
    <Project Path="src/Samples/AGUI/AGUI.csproj" />
    <Project Path="src/Samples/Tools/Tools.csproj" />
  </Folder>
  <Folder Name="/Solution Items/">
    <File Path="Directory.Packages.props" />
    <File Path="README.md" />
  </Folder>
  <Project Path="src/Api/Api.csproj" />
  <Project Path="src/Shared/Shared.csproj" />
</Solution>
